
Microsoft Visual Studio Solution File, Format Version 12.00
# Visual Studio Version 16
VisualStudioVersion = 16.0.31729.503
MinimumVisualStudioVersion = 10.0.40219.1
Project("{8BC9CEB8-8B4A-11D0-8D11-00A0C91BC942}") = "task 2-2", "task 2-2\task 2-2.vcxproj", "{7783728F-F6C6-42F5-8216-2EEBEBF078CA}"
EndProject
Global
	GlobalSection(SolutionConfigurationPlatforms) = preSolution
		Debug|x64 = Debug|x64
		Debug|x86 = Debug|x86
		Release|x64 = Release|x64
		Release|x86 = Release|x86
	EndGlobalSection
	GlobalSection(ProjectConfigurationPlatforms) = postSolution
		{7783728F-F6C6-42F5-8216-2EEBEBF078CA}.Debug|x64.ActiveCfg = Debug|x64
		{7783728F-F6C6-42F5-8216-2EEBEBF078CA}.Debug|x64.Build.0 = Debug|x64
		{7783728F-F6C6-42F5-8216-2EEBEBF078CA}.Debug|x86.ActiveCfg = Debug|Win32
		{7783728F-F6C6-42F5-8216-2EEBEBF078CA}.Debug|x86.Build.0 = Debug|Win32
		{7783728F-F6C6-42F5-8216-2EEBEBF078CA}.Release|x64.ActiveCfg = Release|x64
		{7783728F-F6C6-42F5-8216-2EEBEBF078CA}.Release|x64.Build.0 = Release|x64
		{7783728F-F6C6-42F5-8216-2EEBEBF078CA}.Release|x86.ActiveCfg = Release|Win32
		{7783728F-F6C6-42F5-8216-2EEBEBF078CA}.Release|x86.Build.0 = Release|Win32
	EndGlobalSection
	GlobalSection(SolutionProperties) = preSolution
		HideSolutionNode = FALSE
	EndGlobalSection
	GlobalSection(ExtensibilityGlobals) = postSolution
		SolutionGuid = {129A7C9A-5573-4DD5-BCAE-296D9EF8BA12}
	EndGlobalSection
EndGlobal
